
Microsoft Visual Studio Solution File, Format Version 12.00
# Visual Studio Version 16
VisualStudioVersion = 16.0.31624.102
MinimumVisualStudioVersion = 10.0.40219.1
Project("{9A19103F-16F7-4668-BE54-9A1E7A4F7556}") = "Project A", "Project A\Project A.csproj", "{62B7C77B-5682-42AA-B675-9B9E338E86AB}"
EndProject
Global
	GlobalSection(SolutionConfigurationPlatforms) = preSolution
		Debug|Any CPU = Debug|Any CPU
		Release|Any CPU = Release|Any CPU
	EndGlobalSection
	GlobalSection(ProjectConfigurationPlatforms) = postSolution
		{62B7C77B-5682-42AA-B675-9B9E338E86AB}.Debug|Any CPU.ActiveCfg = Debug|Any CPU
		{62B7C77B-5682-42AA-B675-9B9E338E86AB}.Debug|Any CPU.Build.0 = Debug|Any CPU
		{62B7C77B-5682-42AA-B675-9B9E338E86AB}.Release|Any CPU.ActiveCfg = Release|Any CPU
		{62B7C77B-5682-42AA-B675-9B9E338E86AB}.Release|Any CPU.Build.0 = Release|Any CPU
	EndGlobalSection
	GlobalSection(SolutionProperties) = preSolution
		HideSolutionNode = FALSE
	EndGlobalSection
	GlobalSection(ExtensibilityGlobals) = postSolution
		SolutionGuid = {13E65B99-5026-476C-8C9B-865A79340451}
	EndGlobalSection
EndGlobal
